// !$*UTF8*$!
{
	archiveVersion = 1;
	classes = {
	};
	objectVersion = 46;
	objects = {

/* Begin PBXBuildFile section */
		763CF1BABB65754EED26DB9F /* BoundBinaryOperatorKind.swift in Sources */ = {isa = PBXBuildFile; fileRef = 763CF38ED37FE71385244574 /* BoundBinaryOperatorKind.swift */; };
		763CF20047ED1999B3014E58 /* BoundBinaryExpression.swift in Sources */ = {isa = PBXBuildFile; fileRef = 763CF61E797EF7923A22B51E /* BoundBinaryExpression.swift */; };
		763CF22B338AC9A08E0FF65B /* BoundNodeKind.swift in Sources */ = {isa = PBXBuildFile; fileRef = 763CFBF97926144EEB2541F4 /* BoundNodeKind.swift */; };
		763CF2427420FAA5D8DD5046 /* BoundBinaryOperator.swift in Sources */ = {isa = PBXBuildFile; fileRef = 763CFD68BB91F004D6E85B43 /* BoundBinaryOperator.swift */; };
		763CF490363C59B59894D468 /* SyntaxError.swift in Sources */ = {isa = PBXBuildFile; fileRef = 763CF0AE1B06F26F6839E9A0 /* SyntaxError.swift */; };
		763CF5930BAE36F75E08F959 /* Lexer.swift in Sources */ = {isa = PBXBuildFile; fileRef = 763CF9E7FD4FB63C261C81DC /* Lexer.swift */; };
		763CF6BF6653635ECE9779DA /* UnaryExpressionSyntax.swift in Sources */ = {isa = PBXBuildFile; fileRef = 763CFAE38C03C76D2047BF3E /* UnaryExpressionSyntax.swift */; };
		763CF7706F9E467B134ADD85 /* BoundNode.swift in Sources */ = {isa = PBXBuildFile; fileRef = 763CF1411E52254C75F5F99A /* BoundNode.swift */; };
		763CF7F4F734EB13BB698B41 /* ParenthesizedExpressionSyntax.swift in Sources */ = {isa = PBXBuildFile; fileRef = 763CF2388F9CEA6D9859E625 /* ParenthesizedExpressionSyntax.swift */; };
		763CF8AFC004FE5141F4348C /* SyntaxToken.swift in Sources */ = {isa = PBXBuildFile; fileRef = 763CF636CF9A8F23370BB1F3 /* SyntaxToken.swift */; };
		763CF91AC8283BF033B3D4D4 /* main.swift in Sources */ = {isa = PBXBuildFile; fileRef = 763CFBB232E9853ABDA9DD26 /* main.swift */; };
		763CF92337F7BBD84F740266 /* Parser.swift in Sources */ = {isa = PBXBuildFile; fileRef = 763CF262D6EB3C2D153CF137 /* Parser.swift */; };
		763CF93CD9EB38E5653A0EA7 /* Binder.swift in Sources */ = {isa = PBXBuildFile; fileRef = 763CF4B4D82BF5B02A1D7CF2 /* Binder.swift */; };
		763CF947F328F82425738B76 /* BoundUnaryOperator.swift in Sources */ = {isa = PBXBuildFile; fileRef = 763CF1177C1749D24FCF14AE /* BoundUnaryOperator.swift */; };
		763CF9B41DE6CEB0F48828DF /* SyntaxNode.swift in Sources */ = {isa = PBXBuildFile; fileRef = 763CF9409E0B05971E86F621 /* SyntaxNode.swift */; };
		763CFA53950F3A2DED2E5AA9 /* SyntaxFacts.swift in Sources */ = {isa = PBXBuildFile; fileRef = 763CF1ED0F73F878502A95BB /* SyntaxFacts.swift */; };
		763CFAE7F7C007E8D0C93790 /* SyntaxTree.swift in Sources */ = {isa = PBXBuildFile; fileRef = 763CF02855FD34CBF49B3930 /* SyntaxTree.swift */; };
		763CFB89C2E75E3956EF940A /* Evaluator.swift in Sources */ = {isa = PBXBuildFile; fileRef = 763CF0117338FC91309BD6B0 /* Evaluator.swift */; };
		763CFCCC7336A87E800C036F /* BoundLiteralExpression.swift in Sources */ = {isa = PBXBuildFile; fileRef = 763CFC24C2B9BC2C0B7F6716 /* BoundLiteralExpression.swift */; };
		763CFD1671CB8AA2D9880E42 /* BoundExpression.swift in Sources */ = {isa = PBXBuildFile; fileRef = 763CF3BE4FF56F952238BE68 /* BoundExpression.swift */; };
		763CFDD559FDDF072547CBE1 /* Helper.swift in Sources */ = {isa = PBXBuildFile; fileRef = 763CF5808F521620B188FF3D /* Helper.swift */; };
		763CFE50D70516B5DAE003D8 /* LiteralExpressionSyntax.swift in Sources */ = {isa = PBXBuildFile; fileRef = 763CF3251BA4B1C9881CCF24 /* LiteralExpressionSyntax.swift */; };
		763CFE935C28698125867294 /* SyntaxKind.swift in Sources */ = {isa = PBXBuildFile; fileRef = 763CF34DC620B64FA70F6EB4 /* SyntaxKind.swift */; };
		763CFF3F969AE12936047718 /* BoundUnaryExpression.swift in Sources */ = {isa = PBXBuildFile; fileRef = 763CFC25B30EB05A7EE475CA /* BoundUnaryExpression.swift */; };
		763CFF6A2532CB86A8D50C46 /* BinaryExpressionSyntax.swift in Sources */ = {isa = PBXBuildFile; fileRef = 763CFB85BAE63C09058777DA /* BinaryExpressionSyntax.swift */; };
		763CFFA6E4D9F0E2DA738A6D /* BoundUnaryOperatorKind.swift in Sources */ = {isa = PBXBuildFile; fileRef = 763CF6C7E2552C3C4F733E5A /* BoundUnaryOperatorKind.swift */; };
/* End PBXBuildFile section */

/* Begin PBXCopyFilesBuildPhase section */
		763CFE0F7D54B05FAB205984 /* CopyFiles */ = {
			isa = PBXCopyFilesBuildPhase;
			buildActionMask = 2147483647;
			dstPath = /usr/share/man/man1/;
			dstSubfolderSpec = 0;
			files = (
			);
			runOnlyForDeploymentPostprocessing = 1;
		};
/* End PBXCopyFilesBuildPhase section */

/* Begin PBXFileReference section */
		763CF0117338FC91309BD6B0 /* Evaluator.swift */ = {isa = PBXFileReference; fileEncoding = 4; lastKnownFileType = sourcecode.swift; path = Evaluator.swift; sourceTree = "<group>"; };
		763CF02855FD34CBF49B3930 /* SyntaxTree.swift */ = {isa = PBXFileReference; fileEncoding = 4; lastKnownFileType = sourcecode.swift; path = SyntaxTree.swift; sourceTree = "<group>"; };
		763CF0AE1B06F26F6839E9A0 /* SyntaxError.swift */ = {isa = PBXFileReference; fileEncoding = 4; lastKnownFileType = sourcecode.swift; path = SyntaxError.swift; sourceTree = "<group>"; };
		763CF1177C1749D24FCF14AE /* BoundUnaryOperator.swift */ = {isa = PBXFileReference; fileEncoding = 4; lastKnownFileType = sourcecode.swift; path = BoundUnaryOperator.swift; sourceTree = "<group>"; };
		763CF1411E52254C75F5F99A /* BoundNode.swift */ = {isa = PBXFileReference; fileEncoding = 4; lastKnownFileType = sourcecode.swift; path = BoundNode.swift; sourceTree = "<group>"; };
		763CF1ED0F73F878502A95BB /* SyntaxFacts.swift */ = {isa = PBXFileReference; fileEncoding = 4; lastKnownFileType = sourcecode.swift; path = SyntaxFacts.swift; sourceTree = "<group>"; };
		763CF2388F9CEA6D9859E625 /* ParenthesizedExpressionSyntax.swift */ = {isa = PBXFileReference; fileEncoding = 4; lastKnownFileType = sourcecode.swift; path = ParenthesizedExpressionSyntax.swift; sourceTree = "<group>"; };
		763CF262D6EB3C2D153CF137 /* Parser.swift */ = {isa = PBXFileReference; fileEncoding = 4; lastKnownFileType = sourcecode.swift; path = Parser.swift; sourceTree = "<group>"; };
		763CF3251BA4B1C9881CCF24 /* LiteralExpressionSyntax.swift */ = {isa = PBXFileReference; fileEncoding = 4; lastKnownFileType = sourcecode.swift; path = LiteralExpressionSyntax.swift; sourceTree = "<group>"; };
		763CF34DC620B64FA70F6EB4 /* SyntaxKind.swift */ = {isa = PBXFileReference; fileEncoding = 4; lastKnownFileType = sourcecode.swift; path = SyntaxKind.swift; sourceTree = "<group>"; };
		763CF38ED37FE71385244574 /* BoundBinaryOperatorKind.swift */ = {isa = PBXFileReference; fileEncoding = 4; lastKnownFileType = sourcecode.swift; path = BoundBinaryOperatorKind.swift; sourceTree = "<group>"; };
		763CF3BE4FF56F952238BE68 /* BoundExpression.swift */ = {isa = PBXFileReference; fileEncoding = 4; lastKnownFileType = sourcecode.swift; path = BoundExpression.swift; sourceTree = "<group>"; };
		763CF4B4D82BF5B02A1D7CF2 /* Binder.swift */ = {isa = PBXFileReference; fileEncoding = 4; lastKnownFileType = sourcecode.swift; path = Binder.swift; sourceTree = "<group>"; };
		763CF5808F521620B188FF3D /* Helper.swift */ = {isa = PBXFileReference; fileEncoding = 4; lastKnownFileType = sourcecode.swift; path = Helper.swift; sourceTree = "<group>"; };
		763CF61E797EF7923A22B51E /* BoundBinaryExpression.swift */ = {isa = PBXFileReference; fileEncoding = 4; lastKnownFileType = sourcecode.swift; path = BoundBinaryExpression.swift; sourceTree = "<group>"; };
		763CF636CF9A8F23370BB1F3 /* SyntaxToken.swift */ = {isa = PBXFileReference; fileEncoding = 4; lastKnownFileType = sourcecode.swift; path = SyntaxToken.swift; sourceTree = "<group>"; };
		763CF6C7E2552C3C4F733E5A /* BoundUnaryOperatorKind.swift */ = {isa = PBXFileReference; fileEncoding = 4; lastKnownFileType = sourcecode.swift; path = BoundUnaryOperatorKind.swift; sourceTree = "<group>"; };
		763CF938CB18707FEA9D2B38 /* GSCompiler */ = {isa = PBXFileReference; explicitFileType = "compiled.mach-o.executable"; includeInIndex = 0; path = GSCompiler; sourceTree = BUILT_PRODUCTS_DIR; };
		763CF9409E0B05971E86F621 /* SyntaxNode.swift */ = {isa = PBXFileReference; fileEncoding = 4; lastKnownFileType = sourcecode.swift; path = SyntaxNode.swift; sourceTree = "<group>"; };
		763CF9E7FD4FB63C261C81DC /* Lexer.swift */ = {isa = PBXFileReference; fileEncoding = 4; lastKnownFileType = sourcecode.swift; path = Lexer.swift; sourceTree = "<group>"; };
		763CFAE38C03C76D2047BF3E /* UnaryExpressionSyntax.swift */ = {isa = PBXFileReference; fileEncoding = 4; lastKnownFileType = sourcecode.swift; path = UnaryExpressionSyntax.swift; sourceTree = "<group>"; };
		763CFB85BAE63C09058777DA /* BinaryExpressionSyntax.swift */ = {isa = PBXFileReference; fileEncoding = 4; lastKnownFileType = sourcecode.swift; path = BinaryExpressionSyntax.swift; sourceTree = "<group>"; };
		763CFBB232E9853ABDA9DD26 /* main.swift */ = {isa = PBXFileReference; lastKnownFileType = sourcecode.swift; path = main.swift; sourceTree = "<group>"; };
		763CFBF97926144EEB2541F4 /* BoundNodeKind.swift */ = {isa = PBXFileReference; fileEncoding = 4; lastKnownFileType = sourcecode.swift; path = BoundNodeKind.swift; sourceTree = "<group>"; };
		763CFC24C2B9BC2C0B7F6716 /* BoundLiteralExpression.swift */ = {isa = PBXFileReference; fileEncoding = 4; lastKnownFileType = sourcecode.swift; path = BoundLiteralExpression.swift; sourceTree = "<group>"; };
		763CFC25B30EB05A7EE475CA /* BoundUnaryExpression.swift */ = {isa = PBXFileReference; fileEncoding = 4; lastKnownFileType = sourcecode.swift; path = BoundUnaryExpression.swift; sourceTree = "<group>"; };
		763CFD68BB91F004D6E85B43 /* BoundBinaryOperator.swift */ = {isa = PBXFileReference; fileEncoding = 4; lastKnownFileType = sourcecode.swift; path = BoundBinaryOperator.swift; sourceTree = "<group>"; };
/* End PBXFileReference section */

/* Begin PBXFrameworksBuildPhase section */
		763CF4932CE79CC75AAFA558 /* Frameworks */ = {
			isa = PBXFrameworksBuildPhase;
			buildActionMask = 2147483647;
			files = (
			);
			runOnlyForDeploymentPostprocessing = 0;
		};
/* End PBXFrameworksBuildPhase section */

/* Begin PBXGroup section */
		763CF315097A8F2FAD4C0AA2 = {
			isa = PBXGroup;
			children = (
				763CFFC48E8CB657393EA33C /* Products */,
				763CFACEA2C1819AA7404703 /* GSCompiler */,
			);
			sourceTree = "<group>";
		};
		763CF3528FAD6B9563E44364 /* Syntax */ = {
			isa = PBXGroup;
			children = (
				763CF2388F9CEA6D9859E625 /* ParenthesizedExpressionSyntax.swift */,
				763CF34DC620B64FA70F6EB4 /* SyntaxKind.swift */,
				763CF3251BA4B1C9881CCF24 /* LiteralExpressionSyntax.swift */,
				763CF02855FD34CBF49B3930 /* SyntaxTree.swift */,
				763CF262D6EB3C2D153CF137 /* Parser.swift */,
				763CF1ED0F73F878502A95BB /* SyntaxFacts.swift */,
				763CF9E7FD4FB63C261C81DC /* Lexer.swift */,
				763CFAE38C03C76D2047BF3E /* UnaryExpressionSyntax.swift */,
				763CF636CF9A8F23370BB1F3 /* SyntaxToken.swift */,
				763CF9409E0B05971E86F621 /* SyntaxNode.swift */,
				763CFB85BAE63C09058777DA /* BinaryExpressionSyntax.swift */,
				763CF0AE1B06F26F6839E9A0 /* SyntaxError.swift */,
			);
			path = Syntax;
			sourceTree = "<group>";
		};
		763CFACEA2C1819AA7404703 /* GSCompiler */ = {
			isa = PBXGroup;
			children = (
				763CFBB232E9853ABDA9DD26 /* main.swift */,
				763CFF9673B659E449D52245 /* CodeAnalysis */,
			);
			path = GSCompiler;
			sourceTree = "<group>";
		};
		763CFBEEA7EF8EC1EC37A939 /* Binding */ = {
			isa = PBXGroup;
			children = (
				763CF4B4D82BF5B02A1D7CF2 /* Binder.swift */,
				763CF1411E52254C75F5F99A /* BoundNode.swift */,
				763CF3BE4FF56F952238BE68 /* BoundExpression.swift */,
				763CFC24C2B9BC2C0B7F6716 /* BoundLiteralExpression.swift */,
				763CFC25B30EB05A7EE475CA /* BoundUnaryExpression.swift */,
				763CF61E797EF7923A22B51E /* BoundBinaryExpression.swift */,
				763CF38ED37FE71385244574 /* BoundBinaryOperatorKind.swift */,
				763CF6C7E2552C3C4F733E5A /* BoundUnaryOperatorKind.swift */,
				763CFBF97926144EEB2541F4 /* BoundNodeKind.swift */,
				763CF1177C1749D24FCF14AE /* BoundUnaryOperator.swift */,
				763CFD68BB91F004D6E85B43 /* BoundBinaryOperator.swift */,
			);
			path = Binding;
			sourceTree = "<group>";
		};
		763CFF9673B659E449D52245 /* CodeAnalysis */ = {
			isa = PBXGroup;
			children = (
				763CF0117338FC91309BD6B0 /* Evaluator.swift */,
				763CF3528FAD6B9563E44364 /* Syntax */,
				763CFBEEA7EF8EC1EC37A939 /* Binding */,
				763CF5808F521620B188FF3D /* Helper.swift */,
			);
			path = CodeAnalysis;
			sourceTree = "<group>";
		};
		763CFFC48E8CB657393EA33C /* Products */ = {
			isa = PBXGroup;
			children = (
				763CF938CB18707FEA9D2B38 /* GSCompiler */,
			);
			name = Products;
			sourceTree = "<group>";
		};
/* End PBXGroup section */

/* Begin PBXNativeTarget section */
		763CF78153398CDFEA39BA8F /* GSCompiler */ = {
			isa = PBXNativeTarget;
			buildConfigurationList = 763CF614BBA3333A94931682 /* Build configuration list for PBXNativeTarget "GSCompiler" */;
			buildPhases = (
				763CF2681A536B8C8285A773 /* Sources */,
				763CF4932CE79CC75AAFA558 /* Frameworks */,
				763CFE0F7D54B05FAB205984 /* CopyFiles */,
			);
			buildRules = (
			);
			dependencies = (
			);
			name = GSCompiler;
			productName = GSCompiler;
			productReference = 763CF938CB18707FEA9D2B38 /* GSCompiler */;
			productType = "com.apple.product-type.tool";
		};
/* End PBXNativeTarget section */

/* Begin PBXProject section */
		763CFFC1B103703867B3FB04 /* Project object */ = {
			isa = PBXProject;
			buildConfigurationList = 763CF760AAE419B03FBBEDF8 /* Build configuration list for PBXProject "GSCompiler" */;
			compatibilityVersion = "Xcode 3.2";
			developmentRegion = English;
			hasScannedForEncodings = 0;
			knownRegions = (
				en,
			);
			mainGroup = 763CF315097A8F2FAD4C0AA2;
			productRefGroup = 763CFFC48E8CB657393EA33C /* Products */;
			projectDirPath = "";
			projectRoot = "";
			targets = (
				763CF78153398CDFEA39BA8F /* GSCompiler */,
			);
		};
/* End PBXProject section */

/* Begin PBXSourcesBuildPhase section */
		763CF2681A536B8C8285A773 /* Sources */ = {
			isa = PBXSourcesBuildPhase;
			buildActionMask = 2147483647;
			files = (
				763CF91AC8283BF033B3D4D4 /* main.swift in Sources */,
				763CFB89C2E75E3956EF940A /* Evaluator.swift in Sources */,
				763CF7F4F734EB13BB698B41 /* ParenthesizedExpressionSyntax.swift in Sources */,
				763CFE935C28698125867294 /* SyntaxKind.swift in Sources */,
				763CFE50D70516B5DAE003D8 /* LiteralExpressionSyntax.swift in Sources */,
				763CFAE7F7C007E8D0C93790 /* SyntaxTree.swift in Sources */,
				763CF92337F7BBD84F740266 /* Parser.swift in Sources */,
				763CFA53950F3A2DED2E5AA9 /* SyntaxFacts.swift in Sources */,
				763CF5930BAE36F75E08F959 /* Lexer.swift in Sources */,
				763CF6BF6653635ECE9779DA /* UnaryExpressionSyntax.swift in Sources */,
				763CF8AFC004FE5141F4348C /* SyntaxToken.swift in Sources */,
				763CF9B41DE6CEB0F48828DF /* SyntaxNode.swift in Sources */,
				763CFF6A2532CB86A8D50C46 /* BinaryExpressionSyntax.swift in Sources */,
				763CF490363C59B59894D468 /* SyntaxError.swift in Sources */,
				763CF93CD9EB38E5653A0EA7 /* Binder.swift in Sources */,
				763CF7706F9E467B134ADD85 /* BoundNode.swift in Sources */,
				763CFD1671CB8AA2D9880E42 /* BoundExpression.swift in Sources */,
				763CFCCC7336A87E800C036F /* BoundLiteralExpression.swift in Sources */,
				763CFF3F969AE12936047718 /* BoundUnaryExpression.swift in Sources */,
				763CF20047ED1999B3014E58 /* BoundBinaryExpression.swift in Sources */,
				763CF1BABB65754EED26DB9F /* BoundBinaryOperatorKind.swift in Sources */,
				763CFFA6E4D9F0E2DA738A6D /* BoundUnaryOperatorKind.swift in Sources */,
				763CF22B338AC9A08E0FF65B /* BoundNodeKind.swift in Sources */,
				763CFDD559FDDF072547CBE1 /* Helper.swift in Sources */,
				763CF947F328F82425738B76 /* BoundUnaryOperator.swift in Sources */,
				763CF2427420FAA5D8DD5046 /* BoundBinaryOperator.swift in Sources */,
			);
			runOnlyForDeploymentPostprocessing = 0;
		};
/* End PBXSourcesBuildPhase section */

/* Begin XCBuildConfiguration section */
		763CF76A3FA4859D651B522E /* Debug */ = {
			isa = XCBuildConfiguration;
			buildSettings = {
				ALWAYS_SEARCH_USER_PATHS = NO;
				CLANG_ANALYZER_NONNULL = YES;
				CLANG_ANALYZER_NUMBER_OBJECT_CONVERSION = YES_AGGRESSIVE;
				CLANG_CXX_LANGUAGE_STANDARD = "gnu++14";
				CLANG_CXX_LIBRARY = "libc++";
				CLANG_ENABLE_MODULES = YES;
				CLANG_ENABLE_OBJC_ARC = YES;
				CLANG_ENABLE_OBJC_WEAK = YES;
				CLANG_WARN_BLOCK_CAPTURE_AUTORELEASING = YES;
				CLANG_WARN_BOOL_CONVERSION = YES;
				CLANG_WARN_COMMA = YES;
				CLANG_WARN_CONSTANT_CONVERSION = YES;
				CLANG_WARN_DEPRECATED_OBJC_IMPLEMENTATIONS = YES;
				CLANG_WARN_DIRECT_OBJC_ISA_USAGE = YES_ERROR;
				CLANG_WARN_DOCUMENTATION_COMMENTS = YES;
				CLANG_WARN_EMPTY_BODY = YES;
				CLANG_WARN_ENUM_CONVERSION = YES;
				CLANG_WARN_INFINITE_RECURSION = YES;
				CLANG_WARN_INT_CONVERSION = YES;
				CLANG_WARN_NON_LITERAL_NULL_CONVERSION = YES;
				CLANG_WARN_OBJC_IMPLICIT_RETAIN_SELF = YES;
				CLANG_WARN_OBJC_LITERAL_CONVERSION = YES;
				CLANG_WARN_OBJC_ROOT_CLASS = YES_ERROR;
				CLANG_WARN_QUOTED_INCLUDE_IN_FRAMEWORK_HEADER = YES;
				CLANG_WARN_RANGE_LOOP_ANALYSIS = YES;
				CLANG_WARN_STRICT_PROTOTYPES = YES;
				CLANG_WARN_SUSPICIOUS_MOVE = YES;
				CLANG_WARN_UNGUARDED_AVAILABILITY = YES_AGGRESSIVE;
				CLANG_WARN_UNREACHABLE_CODE = YES;
				CLANG_WARN__DUPLICATE_METHOD_MATCH = YES;
				COPY_PHASE_STRIP = NO;
				DEBUG_INFORMATION_FORMAT = dwarf;
				ENABLE_STRICT_OBJC_MSGSEND = YES;
				ENABLE_TESTABILITY = YES;
				GCC_C_LANGUAGE_STANDARD = gnu11;
				GCC_DYNAMIC_NO_PIC = NO;
				GCC_NO_COMMON_BLOCKS = YES;
				GCC_OPTIMIZATION_LEVEL = 0;
				GCC_PREPROCESSOR_DEFINITIONS = (
					"DEBUG=1",
					"$(inherited)",
				);
				GCC_WARN_64_TO_32_BIT_CONVERSION = YES;
				GCC_WARN_ABOUT_RETURN_TYPE = YES_ERROR;
				GCC_WARN_UNDECLARED_SELECTOR = YES;
				GCC_WARN_UNINITIALIZED_AUTOS = YES_AGGRESSIVE;
				GCC_WARN_UNUSED_FUNCTION = YES;
				GCC_WARN_UNUSED_VARIABLE = YES;
				MACOSX_DEPLOYMENT_TARGET = 10.16;
				MTL_ENABLE_DEBUG_INFO = INCLUDE_SOURCE;
				MTL_FAST_MATH = YES;
				ONLY_ACTIVE_ARCH = YES;
				SDKROOT = macosx;
				SWIFT_ACTIVE_COMPILATION_CONDITIONS = DEBUG;
				SWIFT_OPTIMIZATION_LEVEL = "-Onone";
			};
			name = Debug;
		};
		763CFA3BD6E6FB2FD40BD50F /* Debug */ = {
			isa = XCBuildConfiguration;
			buildSettings = {
				PRODUCT_NAME = "$(TARGET_NAME)";
				SWIFT_VERSION = 5.0;
			};
			name = Debug;
		};
		763CFC132F3CCD82BC8C1EF5 /* Release */ = {
			isa = XCBuildConfiguration;
			buildSettings = {
				PRODUCT_NAME = "$(TARGET_NAME)";
				SWIFT_VERSION = 5.0;
			};
			name = Release;
		};
		763CFD8BD76E3A1903D13537 /* Release */ = {
			isa = XCBuildConfiguration;
			buildSettings = {
				ALWAYS_SEARCH_USER_PATHS = NO;
				CLANG_ANALYZER_NONNULL = YES;
				CLANG_ANALYZER_NUMBER_OBJECT_CONVERSION = YES_AGGRESSIVE;
				CLANG_CXX_LANGUAGE_STANDARD = "gnu++14";
				CLANG_CXX_LIBRARY = "libc++";
				CLANG_ENABLE_MODULES = YES;
				CLANG_ENABLE_OBJC_ARC = YES;
				CLANG_ENABLE_OBJC_WEAK = YES;
				CLANG_WARN_BLOCK_CAPTURE_AUTORELEASING = YES;
				CLANG_WARN_BOOL_CONVERSION = YES;
				CLANG_WARN_COMMA = YES;
				CLANG_WARN_CONSTANT_CONVERSION = YES;
				CLANG_WARN_DEPRECATED_OBJC_IMPLEMENTATIONS = YES;
				CLANG_WARN_DIRECT_OBJC_ISA_USAGE = YES_ERROR;
				CLANG_WARN_DOCUMENTATION_COMMENTS = YES;
				CLANG_WARN_EMPTY_BODY = YES;
				CLANG_WARN_ENUM_CONVERSION = YES;
				CLANG_WARN_INFINITE_RECURSION = YES;
				CLANG_WARN_INT_CONVERSION = YES;
				CLANG_WARN_NON_LITERAL_NULL_CONVERSION = YES;
				CLANG_WARN_OBJC_IMPLICIT_RETAIN_SELF = YES;
				CLANG_WARN_OBJC_LITERAL_CONVERSION = YES;
				CLANG_WARN_OBJC_ROOT_CLASS = YES_ERROR;
				CLANG_WARN_QUOTED_INCLUDE_IN_FRAMEWORK_HEADER = YES;
				CLANG_WARN_RANGE_LOOP_ANALYSIS = YES;
				CLANG_WARN_STRICT_PROTOTYPES = YES;
				CLANG_WARN_SUSPICIOUS_MOVE = YES;
				CLANG_WARN_UNGUARDED_AVAILABILITY = YES_AGGRESSIVE;
				CLANG_WARN_UNREACHABLE_CODE = YES;
				CLANG_WARN__DUPLICATE_METHOD_MATCH = YES;
				COPY_PHASE_STRIP = NO;
				DEBUG_INFORMATION_FORMAT = "dwarf-with-dsym";
				ENABLE_NS_ASSERTIONS = NO;
				ENABLE_STRICT_OBJC_MSGSEND = YES;
				GCC_C_LANGUAGE_STANDARD = gnu11;
				GCC_NO_COMMON_BLOCKS = YES;
				GCC_WARN_64_TO_32_BIT_CONVERSION = YES;
				GCC_WARN_ABOUT_RETURN_TYPE = YES_ERROR;
				GCC_WARN_UNDECLARED_SELECTOR = YES;
				GCC_WARN_UNINITIALIZED_AUTOS = YES_AGGRESSIVE;
				GCC_WARN_UNUSED_FUNCTION = YES;
				GCC_WARN_UNUSED_VARIABLE = YES;
				MACOSX_DEPLOYMENT_TARGET = 10.16;
				MTL_ENABLE_DEBUG_INFO = NO;
				MTL_FAST_MATH = YES;
				SDKROOT = macosx;
				SWIFT_COMPILATION_MODE = wholemodule;
				SWIFT_OPTIMIZATION_LEVEL = "-O";
			};
			name = Release;
		};
/* End XCBuildConfiguration section */

/* Begin XCConfigurationList section */
		763CF614BBA3333A94931682 /* Build configuration list for PBXNativeTarget "GSCompiler" */ = {
			isa = XCConfigurationList;
			buildConfigurations = (
				763CFA3BD6E6FB2FD40BD50F /* Debug */,
				763CFC132F3CCD82BC8C1EF5 /* Release */,
			);
			defaultConfigurationIsVisible = 0;
		};
		763CF760AAE419B03FBBEDF8 /* Build configuration list for PBXProject "GSCompiler" */ = {
			isa = XCConfigurationList;
			buildConfigurations = (
				763CF76A3FA4859D651B522E /* Debug */,
				763CFD8BD76E3A1903D13537 /* Release */,
			);
			defaultConfigurationIsVisible = 0;
			defaultConfigurationName = Release;
		};
/* End XCConfigurationList section */
	};
	rootObject = 763CFFC1B103703867B3FB04 /* Project object */;
}
